{
    "requires": true,
    "lockfileVersion": 1,
    "dependencies": {
        "vue": {
            "version": "2.5.6",
            "resolved": "https://registry.npmjs.org/vue/-/vue-2.5.6.tgz",
            "integrity": "sha512-EnTiSZKkaQmsbpgsWN01VrGYisBXvjU1iqoK2xpUOLdri8vxQyYi5CjRtT33K3JI49WaiG8XnsIGEhNnROj2fQ==",
            "dev": true
        }
    }
}
